
Microsoft Visual Studio Solution File, Format Version 12.00
# Visual Studio Version 17
VisualStudioVersion = 17.8.34525.116
MinimumVisualStudioVersion = 10.0.40219.1
Project("{FAE04EC0-301F-11D3-BF4B-00C04F79EFBC}") = "SP_HW_27_07", "SP_HW_27_07.csproj", "{51E5A953-2C53-4BAC-BFD9-F6DE55B19013}"
EndProject
Global
	GlobalSection(SolutionConfigurationPlatforms) = preSolution
		Debug|Any CPU = Debug|Any CPU
		Release|Any CPU = Release|Any CPU
	EndGlobalSection
	GlobalSection(ProjectConfigurationPlatforms) = postSolution
		{51E5A953-2C53-4BAC-BFD9-F6DE55B19013}.Debug|Any CPU.ActiveCfg = Debug|Any CPU
		{51E5A953-2C53-4BAC-BFD9-F6DE55B19013}.Debug|Any CPU.Build.0 = Debug|Any CPU
		{51E5A953-2C53-4BAC-BFD9-F6DE55B19013}.Release|Any CPU.ActiveCfg = Release|Any CPU
		{51E5A953-2C53-4BAC-BFD9-F6DE55B19013}.Release|Any CPU.Build.0 = Release|Any CPU
	EndGlobalSection
	GlobalSection(SolutionProperties) = preSolution
		HideSolutionNode = FALSE
	EndGlobalSection
	GlobalSection(ExtensibilityGlobals) = postSolution
		SolutionGuid = {3AE47A36-A1D2-4100-A1C8-101D0F7C0931}
	EndGlobalSection
EndGlobal
